<?xml version="1.0" encoding="utf-8"?>
<Project ToolsVersion="4.0" xmlns="http://schemas.microsoft.com/developer/msbuild/2003">
  <ItemGroup>
    <Filter Include="Resource Files">
      <UniqueIdentifier>{67DA6AB6-F800-4c08-8B7A-83BB121AAD01}</UniqueIdentifier>
      <Extensions>rc;ico;cur;bmp;dlg;rc2;rct;bin;rgs;gif;jpg;jpeg;jpe;resx;tiff;tif;png;wav;mfcribbon-ms</Extensions>
    </Filter>
    <Filter Include="libyTidy Header Files">
      <UniqueIdentifier>{93995380-89BD-4b04-88EB-625FBE52EBFB}</UniqueIdentifier>
      <Extensions>h;hh;hxx;h++;hm;inl;inc;ipp;xsd</Extensions>
    </Filter>
    <Filter Include="dotnet Header Files">
      <UniqueIdentifier>{8b85443c-f1bc-4805-af26-1911fd8bca8a}</UniqueIdentifier>
      <Extensions>hpp</Extensions>
    </Filter>
    <Filter Include="dotnet Source Files">
      <UniqueIdentifier>{4FC737F1-C7A5-4376-A066-2A32D752A2FF}</UniqueIdentifier>
      <Extensions>cpp;cc;cxx;c++;cppm;ixx;def;odl;idl;hpj;bat;asm;asmx</Extensions>
    </Filter>
    <Filter Include="libtidy Source Files">
      <UniqueIdentifier>{fef9a351-644f-4a1d-acc8-49cf8b9b2574}</UniqueIdentifier>
      <Extensions>c;</Extensions>
    </Filter>
  </ItemGroup>
  <ItemGroup>
    <ClInclude Include="Resource.h">
      <Filter>libyTidy Header Files</Filter>
    </ClInclude>
    <ClInclude Include="access.h">
      <Filter>libyTidy Header Files</Filter>
    </ClInclude>
    <ClInclude Include="attrdict.h">
      <Filter>libyTidy Header Files</Filter>
    </ClInclude>
    <ClInclude Include="attrs.h">
      <Filter>libyTidy Header Files</Filter>
    </ClInclude>
    <ClInclude Include="charsets.h">
      <Filter>libyTidy Header Files</Filter>
    </ClInclude>
    <ClInclude Include="clean.h">
      <Filter>libyTidy Header Files</Filter>
    </ClInclude>
    <ClInclude Include="config.h">
      <Filter>libyTidy Header Files</Filter>
    </ClInclude>
    <ClInclude Include="entities.h">
      <Filter>libyTidy Header Files</Filter>
    </ClInclude>
    <ClInclude Include="fileio.h">
      <Filter>libyTidy Header Files</Filter>
    </ClInclude>
    <ClInclude Include="forward.h">
      <Filter>libyTidy Header Files</Filter>
    </ClInclude>
    <ClInclude Include="gdoc.h">
      <Filter>libyTidy Header Files</Filter>
    </ClInclude>
    <ClInclude Include="language.h">
      <Filter>libyTidy Header Files</Filter>
    </ClInclude>
    <ClInclude Include="language_de.h">
      <Filter>libyTidy Header Files</Filter>
    </ClInclude>
    <ClInclude Include="language_en.h">
      <Filter>libyTidy Header Files</Filter>
    </ClInclude>
    <ClInclude Include="language_en_gb.h">
      <Filter>libyTidy Header Files</Filter>
    </ClInclude>
    <ClInclude Include="language_es.h">
      <Filter>libyTidy Header Files</Filter>
    </ClInclude>
    <ClInclude Include="language_es_mx.h">
      <Filter>libyTidy Header Files</Filter>
    </ClInclude>
    <ClInclude Include="language_fr.h">
      <Filter>libyTidy Header Files</Filter>
    </ClInclude>
    <ClInclude Include="language_pt_br.h">
      <Filter>libyTidy Header Files</Filter>
    </ClInclude>
    <ClInclude Include="language_zh_cn.h">
      <Filter>libyTidy Header Files</Filter>
    </ClInclude>
    <ClInclude Include="lexer.h">
      <Filter>libyTidy Header Files</Filter>
    </ClInclude>
    <ClInclude Include="mappedio.h">
      <Filter>libyTidy Header Files</Filter>
    </ClInclude>
    <ClInclude Include="message.h">
      <Filter>libyTidy Header Files</Filter>
    </ClInclude>
    <ClInclude Include="messageobj.h">
      <Filter>libyTidy Header Files</Filter>
    </ClInclude>
    <ClInclude Include="parser.h">
      <Filter>libyTidy Header Files</Filter>
    </ClInclude>
    <ClInclude Include="pprint.h">
      <Filter>libyTidy Header Files</Filter>
    </ClInclude>
    <ClInclude Include="sprtf.h">
      <Filter>libyTidy Header Files</Filter>
    </ClInclude>
    <ClInclude Include="streamio.h">
      <Filter>libyTidy Header Files</Filter>
    </ClInclude>
    <ClInclude Include="tags.h">
      <Filter>libyTidy Header Files</Filter>
    </ClInclude>
    <ClInclude Include="tidy-int.h">
      <Filter>libyTidy Header Files</Filter>
    </ClInclude>
    <ClInclude Include="tmbstr.h">
      <Filter>libyTidy Header Files</Filter>
    </ClInclude>
    <ClInclude Include="utf8.h">
      <Filter>libyTidy Header Files</Filter>
    </ClInclude>
    <ClInclude Include="version.h">
      <Filter>libyTidy Header Files</Filter>
    </ClInclude>
    <ClInclude Include="Document.hpp">
      <Filter>dotnet Header Files</Filter>
    </ClInclude>
    <ClInclude Include="Options.hpp">
      <Filter>dotnet Header Files</Filter>
    </ClInclude>
    <ClInclude Include="DocTypeMode.hpp">
      <Filter>dotnet Header Files</Filter>
    </ClInclude>
    <ClInclude Include="TriState.hpp">
      <Filter>dotnet Header Files</Filter>
    </ClInclude>
  </ItemGroup>
  <ItemGroup>
    <ClCompile Include="Document.cpp">
      <Filter>dotnet Source Files</Filter>
    </ClCompile>
    <ClCompile Include="AssemblyInfo.cpp">
      <Filter>dotnet Source Files</Filter>
    </ClCompile>
    <ClCompile Include="config.c">
      <Filter>libtidy Source Files</Filter>
    </ClCompile>
    <ClCompile Include="access.c">
      <Filter>libtidy Source Files</Filter>
    </ClCompile>
    <ClCompile Include="alloc.c">
      <Filter>libtidy Source Files</Filter>
    </ClCompile>
    <ClCompile Include="attrdict.c">
      <Filter>libtidy Source Files</Filter>
    </ClCompile>
    <ClCompile Include="attrs.c">
      <Filter>libtidy Source Files</Filter>
    </ClCompile>
    <ClCompile Include="buffio.c">
      <Filter>libtidy Source Files</Filter>
    </ClCompile>
    <ClCompile Include="charsets.c">
      <Filter>libtidy Source Files</Filter>
    </ClCompile>
    <ClCompile Include="clean.c">
      <Filter>libtidy Source Files</Filter>
    </ClCompile>
    <ClCompile Include="entities.c">
      <Filter>libtidy Source Files</Filter>
    </ClCompile>
    <ClCompile Include="fileio.c">
      <Filter>libtidy Source Files</Filter>
    </ClCompile>
    <ClCompile Include="gdoc.c">
      <Filter>libtidy Source Files</Filter>
    </ClCompile>
    <ClCompile Include="istack.c">
      <Filter>libtidy Source Files</Filter>
    </ClCompile>
    <ClCompile Include="language.c">
      <Filter>libtidy Source Files</Filter>
    </ClCompile>
    <ClCompile Include="lexer.c">
      <Filter>libtidy Source Files</Filter>
    </ClCompile>
    <ClCompile Include="mappedio.c">
      <Filter>libtidy Source Files</Filter>
    </ClCompile>
    <ClCompile Include="message.c">
      <Filter>libtidy Source Files</Filter>
    </ClCompile>
    <ClCompile Include="messageobj.c">
      <Filter>libtidy Source Files</Filter>
    </ClCompile>
    <ClCompile Include="parser.c">
      <Filter>libtidy Source Files</Filter>
    </ClCompile>
    <ClCompile Include="pprint.c">
      <Filter>libtidy Source Files</Filter>
    </ClCompile>
    <ClCompile Include="sprtf.c">
      <Filter>libtidy Source Files</Filter>
    </ClCompile>
    <ClCompile Include="streamio.c">
      <Filter>libtidy Source Files</Filter>
    </ClCompile>
    <ClCompile Include="tagask.c">
      <Filter>libtidy Source Files</Filter>
    </ClCompile>
    <ClCompile Include="tags.c">
      <Filter>libtidy Source Files</Filter>
    </ClCompile>
    <ClCompile Include="tidylib.c">
      <Filter>libtidy Source Files</Filter>
    </ClCompile>
    <ClCompile Include="tmbstr.c">
      <Filter>libtidy Source Files</Filter>
    </ClCompile>
    <ClCompile Include="utf8.c">
      <Filter>libtidy Source Files</Filter>
    </ClCompile>
    <ClCompile Include="Tidy.cpp">
      <Filter>dotnet Source Files</Filter>
    </ClCompile>
    <ClCompile Include="Options.cpp">
      <Filter>dotnet Source Files</Filter>
    </ClCompile>
  </ItemGroup>
  <ItemGroup>
    <ResourceCompile Include="app.rc">
      <Filter>Resource Files</Filter>
    </ResourceCompile>
  </ItemGroup>
  <ItemGroup>
    <Image Include="app.ico">
      <Filter>Resource Files</Filter>
    </Image>
  </ItemGroup>
  <ItemGroup>
    <None Include=".gitignore" />
  </ItemGroup>
</Project>